// !$*UTF8*$!
{
	archiveVersion = 1;
	classes = {
	};
	objectVersion = 46;
	objects = {

/* Begin PBXBuildFile section */
		8F4B551317E75C1C0014B891 /* NSActividad.m in Sources */ = {isa = PBXBuildFile; fileRef = 8F4B551217E75C1C0014B891 /* NSActividad.m */; };
		8F4B551917E75C740014B891 /* NSDiccionario.m in Sources */ = {isa = PBXBuildFile; fileRef = 8F4B551817E75C740014B891 /* NSDiccionario.m */; };
		8F4B551C17E75C830014B891 /* NSLugar.m in Sources */ = {isa = PBXBuildFile; fileRef = 8F4B551B17E75C830014B891 /* NSLugar.m */; };
		8F4B551E17E760CF0014B891 /* CoreData.framework in Frameworks */ = {isa = PBXBuildFile; fileRef = 8F4B551D17E760CF0014B891 /* CoreData.framework */; };
		8F4B552417E796DC0014B891 /* NSActividad+NSActividad_Sistema.m in Sources */ = {isa = PBXBuildFile; fileRef = 8F4B552317E796DC0014B891 /* NSActividad+NSActividad_Sistema.m */; };
		8F4B552717E79C880014B891 /* NSDiccionario+NSDiccionario_Sistema.m in Sources */ = {isa = PBXBuildFile; fileRef = 8F4B552617E79C880014B891 /* NSDiccionario+NSDiccionario_Sistema.m */; };
		8F4B552A17E79CD90014B891 /* NSLugar+NSLugar_Sistema.m in Sources */ = {isa = PBXBuildFile; fileRef = 8F4B552917E79CD80014B891 /* NSLugar+NSLugar_Sistema.m */; };
		8F6073A417EABAE700F8555C /* ciudadAvatar.jpg in Resources */ = {isa = PBXBuildFile; fileRef = 8F6073A317EABAE700F8555C /* ciudadAvatar.jpg */; };
		8F6073A617EABAF700F8555C /* Monserrate.jpg in Resources */ = {isa = PBXBuildFile; fileRef = 8F6073A517EABAF700F8555C /* Monserrate.jpg */; };
		8F6073A817EABB0700F8555C /* RompeMotolaDeslizable.png in Resources */ = {isa = PBXBuildFile; fileRef = 8F6073A717EABB0700F8555C /* RompeMotolaDeslizable.png */; };
		8F6073AA17EABB4A00F8555C /* url.jpg in Resources */ = {isa = PBXBuildFile; fileRef = 8F6073A917EABB4A00F8555C /* url.jpg */; };
		8F8BA10D17E65CD30087CA78 /* Diccionario.m in Sources */ = {isa = PBXBuildFile; fileRef = 8F8BA10C17E65CD30087CA78 /* Diccionario.m */; };
		8FD7B24817E4D0C200C42776 /* UIKit.framework in Frameworks */ = {isa = PBXBuildFile; fileRef = 8FD7B24717E4D0C200C42776 /* UIKit.framework */; };
		8FD7B24A17E4D0C200C42776 /* Foundation.framework in Frameworks */ = {isa = PBXBuildFile; fileRef = 8FD7B24917E4D0C200C42776 /* Foundation.framework */; };
		8FD7B24C17E4D0C200C42776 /* CoreGraphics.framework in Frameworks */ = {isa = PBXBuildFile; fileRef = 8FD7B24B17E4D0C200C42776 /* CoreGraphics.framework */; };
		8FD7B25217E4D0C200C42776 /* InfoPlist.strings in Resources */ = {isa = PBXBuildFile; fileRef = 8FD7B25017E4D0C200C42776 /* InfoPlist.strings */; };
		8FD7B25417E4D0C200C42776 /* main.m in Sources */ = {isa = PBXBuildFile; fileRef = 8FD7B25317E4D0C200C42776 /* main.m */; };
		8FD7B25817E4D0C200C42776 /* AppDelegate.m in Sources */ = {isa = PBXBuildFile; fileRef = 8FD7B25717E4D0C200C42776 /* AppDelegate.m */; };
		8FD7B25A17E4D0C200C42776 /* Default.png in Resources */ = {isa = PBXBuildFile; fileRef = 8FD7B25917E4D0C200C42776 /* Default.png */; };
		8FD7B25C17E4D0C200C42776 /* Default@2x.png in Resources */ = {isa = PBXBuildFile; fileRef = 8FD7B25B17E4D0C200C42776 /* Default@2x.png */; };
		8FD7B25E17E4D0C200C42776 /* Default-568h@2x.png in Resources */ = {isa = PBXBuildFile; fileRef = 8FD7B25D17E4D0C200C42776 /* Default-568h@2x.png */; };
		8FD7B26117E4D0C200C42776 /* MainStoryboard.storyboard in Resources */ = {isa = PBXBuildFile; fileRef = 8FD7B25F17E4D0C200C42776 /* MainStoryboard.storyboard */; };
		8FD7B26417E4D0C200C42776 /* ViewController.m in Sources */ = {isa = PBXBuildFile; fileRef = 8FD7B26317E4D0C200C42776 /* ViewController.m */; };
		8FD7B26C17E4D0C200C42776 /* SenTestingKit.framework in Frameworks */ = {isa = PBXBuildFile; fileRef = 8FD7B26B17E4D0C200C42776 /* SenTestingKit.framework */; };
		8FD7B26D17E4D0C200C42776 /* UIKit.framework in Frameworks */ = {isa = PBXBuildFile; fileRef = 8FD7B24717E4D0C200C42776 /* UIKit.framework */; };
		8FD7B26E17E4D0C200C42776 /* Foundation.framework in Frameworks */ = {isa = PBXBuildFile; fileRef = 8FD7B24917E4D0C200C42776 /* Foundation.framework */; };
		8FD7B27617E4D0C200C42776 /* InfoPlist.strings in Resources */ = {isa = PBXBuildFile; fileRef = 8FD7B27417E4D0C200C42776 /* InfoPlist.strings */; };
		8FD7B27917E4D0C200C42776 /* TuristiandoTests.m in Sources */ = {isa = PBXBuildFile; fileRef = 8FD7B27817E4D0C200C42776 /* TuristiandoTests.m */; };
		8FD7B28517E4D67000C42776 /* Turistiando.m in Sources */ = {isa = PBXBuildFile; fileRef = 8FD7B28417E4D67000C42776 /* Turistiando.m */; };
		8FD7B28817E4D84900C42776 /* Lugar.m in Sources */ = {isa = PBXBuildFile; fileRef = 8FD7B28717E4D84900C42776 /* Lugar.m */; };
		FA0B733417E8B5AE0004BF4B /* IntroViewController.m in Sources */ = {isa = PBXBuildFile; fileRef = FAC7822717E65A3C0006E578 /* IntroViewController.m */; };
		FA0B733617E8B9FC0004BF4B /* icono57.png in Resources */ = {isa = PBXBuildFile; fileRef = FA0B733517E8B9FC0004BF4B /* icono57.png */; };
		FA0B734017E912640004BF4B /* ComunidadAvatar.png in Resources */ = {isa = PBXBuildFile; fileRef = FA0B733F17E912640004BF4B /* ComunidadAvatar.png */; };
		FA0B734217E912AD0004BF4B /* donut.JPG in Resources */ = {isa = PBXBuildFile; fileRef = FA0B734117E912AD0004BF4B /* donut.JPG */; };
		FA0B734417E913A20004BF4B /* ciudades.plist in Resources */ = {isa = PBXBuildFile; fileRef = FA0B734317E913A20004BF4B /* ciudades.plist */; };
		FA0B734517E927270004BF4B /* Actividad.m in Sources */ = {isa = PBXBuildFile; fileRef = 8F6B8AB917E4EA6B003D40DB /* Actividad.m */; };
		FA197A9817E5856B0000813D /* CiudadOpcionViewController.m in Sources */ = {isa = PBXBuildFile; fileRef = FA197A9717E5856B0000813D /* CiudadOpcionViewController.m */; };
		FA197A9B17E5913F0000813D /* DiccionarioViewController.m in Sources */ = {isa = PBXBuildFile; fileRef = FA197A9A17E5913F0000813D /* DiccionarioViewController.m */; };
		FA5D0A8717E59F4700577E21 /* VerElementoDViewController.m in Sources */ = {isa = PBXBuildFile; fileRef = FA5D0A8617E59F4700577E21 /* VerElementoDViewController.m */; };
		FA5D0A8A17E5A09100577E21 /* ComunidadViewController.m in Sources */ = {isa = PBXBuildFile; fileRef = FA5D0A8917E5A09100577E21 /* ComunidadViewController.m */; };
		FA5D0A8D17E5A6EC00577E21 /* NoticiasViewController.m in Sources */ = {isa = PBXBuildFile; fileRef = FA5D0A8C17E5A6EC00577E21 /* NoticiasViewController.m */; };
		FA5D0A8E17E5AA9800577E21 /* SWRevealViewController.m in Sources */ = {isa = PBXBuildFile; fileRef = FA98DC6E17E4E8F1007DB23A /* SWRevealViewController.m */; };
		FA5D0A8F17E5AA9E00577E21 /* IAPuzzleBoard.m in Sources */ = {isa = PBXBuildFile; fileRef = FA98DC7117E4E9B8007DB23A /* IAPuzzleBoard.m */; };
		FA8A956B17EA7F23002B22FF /* CiudadCell.m in Sources */ = {isa = PBXBuildFile; fileRef = FA8A956A17EA7F23002B22FF /* CiudadCell.m */; };
		FA94469517EA93D5006AFD27 /* AgregarCiudadViewController.m in Sources */ = {isa = PBXBuildFile; fileRef = FA94469417EA93D5006AFD27 /* AgregarCiudadViewController.m */; };
		FA98DC6F17E4E8F1007DB23A /* SWRevealViewController.m in Sources */ = {isa = PBXBuildFile; fileRef = FA98DC6E17E4E8F1007DB23A /* SWRevealViewController.m */; };
		FA98DC7417E4E9B8007DB23A /* IAPuzzleBoard.m in Sources */ = {isa = PBXBuildFile; fileRef = FA98DC7117E4E9B8007DB23A /* IAPuzzleBoard.m */; };
		FA98DC7517E4E9B8007DB23A /* IAPuzzleBoardView.m in Sources */ = {isa = PBXBuildFile; fileRef = FA98DC7317E4E9B8007DB23A /* IAPuzzleBoardView.m */; };
		FA98DC7817E4EBE0007DB23A /* TablaIndiceViewController.m in Sources */ = {isa = PBXBuildFile; fileRef = FA98DC7717E4EBE0007DB23A /* TablaIndiceViewController.m */; };
		FAC7822417E633170006E578 /* IntroHijoViewController.m in Sources */ = {isa = PBXBuildFile; fileRef = FAC7822217E633170006E578 /* IntroHijoViewController.m */; };
		FAC7822517E633170006E578 /* IntroHijoViewController.xib in Resources */ = {isa = PBXBuildFile; fileRef = FAC7822317E633170006E578 /* IntroHijoViewController.xib */; };
		FAC7822A17E6BD910006E578 /* datausuario.plist in Resources */ = {isa = PBXBuildFile; fileRef = FAC7822917E6BD910006E578 /* datausuario.plist */; };
		FAC7822D17E6CF9D0006E578 /* UIImage+Resize.m in Sources */ = {isa = PBXBuildFile; fileRef = FAC7822C17E6CF9D0006E578 /* UIImage+Resize.m */; };
		FAC7822E17E6D0220006E578 /* UIImage+Resize.m in Sources */ = {isa = PBXBuildFile; fileRef = FAC7822C17E6CF9D0006E578 /* UIImage+Resize.m */; };
/* End PBXBuildFile section */

/* Begin PBXContainerItemProxy section */
		8FD7B26F17E4D0C200C42776 /* PBXContainerItemProxy */ = {
			isa = PBXContainerItemProxy;
			containerPortal = 8FD7B23C17E4D0C200C42776 /* Project object */;
			proxyType = 1;
			remoteGlobalIDString = 8FD7B24317E4D0C200C42776;
			remoteInfo = Turistiando;
		};
/* End PBXContainerItemProxy section */

/* Begin PBXFileReference section */
		8F4B551117E75C1C0014B891 /* NSActividad.h */ = {isa = PBXFileReference; fileEncoding = 4; lastKnownFileType = sourcecode.c.h; path = NSActividad.h; sourceTree = "<group>"; };
		8F4B551217E75C1C0014B891 /* NSActividad.m */ = {isa = PBXFileReference; fileEncoding = 4; lastKnownFileType = sourcecode.c.objc; path = NSActividad.m; sourceTree = "<group>"; };
		8F4B551717E75C740014B891 /* NSDiccionario.h */ = {isa = PBXFileReference; fileEncoding = 4; lastKnownFileType = sourcecode.c.h; path = NSDiccionario.h; sourceTree = "<group>"; };
		8F4B551817E75C740014B891 /* NSDiccionario.m */ = {isa = PBXFileReference; fileEncoding = 4; lastKnownFileType = sourcecode.c.objc; path = NSDiccionario.m; sourceTree = "<group>"; };
		8F4B551A17E75C830014B891 /* NSLugar.h */ = {isa = PBXFileReference; fileEncoding = 4; lastKnownFileType = sourcecode.c.h; path = NSLugar.h; sourceTree = "<group>"; };
		8F4B551B17E75C830014B891 /* NSLugar.m */ = {isa = PBXFileReference; fileEncoding = 4; lastKnownFileType = sourcecode.c.objc; path = NSLugar.m; sourceTree = "<group>"; };
		8F4B551D17E760CF0014B891 /* CoreData.framework */ = {isa = PBXFileReference; lastKnownFileType = wrapper.framework; name = CoreData.framework; path = System/Library/Frameworks/CoreData.framework; sourceTree = SDKROOT; };
		8F4B552217E796DC0014B891 /* NSActividad+NSActividad_Sistema.h */ = {isa = PBXFileReference; fileEncoding = 4; lastKnownFileType = sourcecode.c.h; path = "NSActividad+NSActividad_Sistema.h"; sourceTree = SOURCE_ROOT; };
		8F4B552317E796DC0014B891 /* NSActividad+NSActividad_Sistema.m */ = {isa = PBXFileReference; fileEncoding = 4; lastKnownFileType = sourcecode.c.objc; path = "NSActividad+NSActividad_Sistema.m"; sourceTree = SOURCE_ROOT; };
		8F4B552517E79C880014B891 /* NSDiccionario+NSDiccionario_Sistema.h */ = {isa = PBXFileReference; fileEncoding = 4; lastKnownFileType = sourcecode.c.h; path = "NSDiccionario+NSDiccionario_Sistema.h"; sourceTree = "<group>"; };
		8F4B552617E79C880014B891 /* NSDiccionario+NSDiccionario_Sistema.m */ = {isa = PBXFileReference; fileEncoding = 4; lastKnownFileType = sourcecode.c.objc; path = "NSDiccionario+NSDiccionario_Sistema.m"; sourceTree = "<group>"; };
		8F4B552817E79CD80014B891 /* NSLugar+NSLugar_Sistema.h */ = {isa = PBXFileReference; fileEncoding = 4; lastKnownFileType = sourcecode.c.h; path = "NSLugar+NSLugar_Sistema.h"; sourceTree = "<group>"; };
		8F4B552917E79CD80014B891 /* NSLugar+NSLugar_Sistema.m */ = {isa = PBXFileReference; fileEncoding = 4; lastKnownFileType = sourcecode.c.objc; path = "NSLugar+NSLugar_Sistema.m"; sourceTree = "<group>"; };
		8F58098117E60E0100A66D40 /* ModelTuristiando.xcdatamodel */ = {isa = PBXFileReference; lastKnownFileType = wrapper.xcdatamodel; path = ModelTuristiando.xcdatamodel; sourceTree = "<group>"; };
		8F6073A317EABAE700F8555C /* ciudadAvatar.jpg */ = {isa = PBXFileReference; lastKnownFileType = image.jpeg; path = ciudadAvatar.jpg; sourceTree = "<group>"; };
		8F6073A517EABAF700F8555C /* Monserrate.jpg */ = {isa = PBXFileReference; lastKnownFileType = image.jpeg; path = Monserrate.jpg; sourceTree = "<group>"; };
		8F6073A717EABB0700F8555C /* RompeMotolaDeslizable.png */ = {isa = PBXFileReference; lastKnownFileType = image.png; path = RompeMotolaDeslizable.png; sourceTree = "<group>"; };
		8F6073A917EABB4A00F8555C /* url.jpg */ = {isa = PBXFileReference; lastKnownFileType = image.jpeg; path = url.jpg; sourceTree = "<group>"; };
		8F6B8AB817E4EA6B003D40DB /* Actividad.h */ = {isa = PBXFileReference; fileEncoding = 4; lastKnownFileType = sourcecode.c.h; path = Actividad.h; sourceTree = "<group>"; };
		8F6B8AB917E4EA6B003D40DB /* Actividad.m */ = {isa = PBXFileReference; fileEncoding = 4; lastKnownFileType = sourcecode.c.objc; path = Actividad.m; sourceTree = "<group>"; };
		8F8BA10B17E65CD30087CA78 /* Diccionario.h */ = {isa = PBXFileReference; fileEncoding = 4; lastKnownFileType = sourcecode.c.h; path = Diccionario.h; sourceTree = "<group>"; };
		8F8BA10C17E65CD30087CA78 /* Diccionario.m */ = {isa = PBXFileReference; fileEncoding = 4; lastKnownFileType = sourcecode.c.objc; path = Diccionario.m; sourceTree = "<group>"; };
		8FD7B24417E4D0C200C42776 /* Turistiando.app */ = {isa = PBXFileReference; explicitFileType = wrapper.application; includeInIndex = 0; path = Turistiando.app; sourceTree = BUILT_PRODUCTS_DIR; };
		8FD7B24717E4D0C200C42776 /* UIKit.framework */ = {isa = PBXFileReference; lastKnownFileType = wrapper.framework; name = UIKit.framework; path = System/Library/Frameworks/UIKit.framework; sourceTree = SDKROOT; };
		8FD7B24917E4D0C200C42776 /* Foundation.framework */ = {isa = PBXFileReference; lastKnownFileType = wrapper.framework; name = Foundation.framework; path = System/Library/Frameworks/Foundation.framework; sourceTree = SDKROOT; };
		8FD7B24B17E4D0C200C42776 /* CoreGraphics.framework */ = {isa = PBXFileReference; lastKnownFileType = wrapper.framework; name = CoreGraphics.framework; path = System/Library/Frameworks/CoreGraphics.framework; sourceTree = SDKROOT; };
		8FD7B24F17E4D0C200C42776 /* Turistiando-Info.plist */ = {isa = PBXFileReference; lastKnownFileType = text.plist.xml; path = "Turistiando-Info.plist"; sourceTree = "<group>"; };
		8FD7B25117E4D0C200C42776 /* en */ = {isa = PBXFileReference; lastKnownFileType = text.plist.strings; name = en; path = en.lproj/InfoPlist.strings; sourceTree = "<group>"; };
		8FD7B25317E4D0C200C42776 /* main.m */ = {isa = PBXFileReference; lastKnownFileType = sourcecode.c.objc; path = main.m; sourceTree = "<group>"; };
		8FD7B25517E4D0C200C42776 /* Turistiando-Prefix.pch */ = {isa = PBXFileReference; lastKnownFileType = sourcecode.c.h; path = "Turistiando-Prefix.pch"; sourceTree = "<group>"; };
		8FD7B25617E4D0C200C42776 /* AppDelegate.h */ = {isa = PBXFileReference; lastKnownFileType = sourcecode.c.h; path = AppDelegate.h; sourceTree = "<group>"; };
		8FD7B25717E4D0C200C42776 /* AppDelegate.m */ = {isa = PBXFileReference; lastKnownFileType = sourcecode.c.objc; path = AppDelegate.m; sourceTree = "<group>"; };
		8FD7B25917E4D0C200C42776 /* Default.png */ = {isa = PBXFileReference; lastKnownFileType = image.png; path = Default.png; sourceTree = "<group>"; };
		8FD7B25B17E4D0C200C42776 /* Default@2x.png */ = {isa = PBXFileReference; lastKnownFileType = image.png; path = "Default@2x.png"; sourceTree = "<group>"; };
		8FD7B25D17E4D0C200C42776 /* Default-568h@2x.png */ = {isa = PBXFileReference; lastKnownFileType = image.png; path = "Default-568h@2x.png"; sourceTree = "<group>"; };
		8FD7B26017E4D0C200C42776 /* en */ = {isa = PBXFileReference; lastKnownFileType = file.storyboard; name = en; path = en.lproj/MainStoryboard.storyboard; sourceTree = "<group>"; };
		8FD7B26217E4D0C200C42776 /* ViewController.h */ = {isa = PBXFileReference; lastKnownFileType = sourcecode.c.h; path = ViewController.h; sourceTree = "<group>"; };
		8FD7B26317E4D0C200C42776 /* ViewController.m */ = {isa = PBXFileReference; lastKnownFileType = sourcecode.c.objc; path = ViewController.m; sourceTree = "<group>"; };
		8FD7B26A17E4D0C200C42776 /* TuristiandoTests.octest */ = {isa = PBXFileReference; explicitFileType = wrapper.cfbundle; includeInIndex = 0; path = TuristiandoTests.octest; sourceTree = BUILT_PRODUCTS_DIR; };
		8FD7B26B17E4D0C200C42776 /* SenTestingKit.framework */ = {isa = PBXFileReference; lastKnownFileType = wrapper.framework; name = SenTestingKit.framework; path = Library/Frameworks/SenTestingKit.framework; sourceTree = DEVELOPER_DIR; };
		8FD7B27317E4D0C200C42776 /* TuristiandoTests-Info.plist */ = {isa = PBXFileReference; lastKnownFileType = text.plist.xml; path = "TuristiandoTests-Info.plist"; sourceTree = "<group>"; };
		8FD7B27517E4D0C200C42776 /* en */ = {isa = PBXFileReference; lastKnownFileType = text.plist.strings; name = en; path = en.lproj/InfoPlist.strings; sourceTree = "<group>"; };
		8FD7B27717E4D0C200C42776 /* TuristiandoTests.h */ = {isa = PBXFileReference; lastKnownFileType = sourcecode.c.h; path = TuristiandoTests.h; sourceTree = "<group>"; };
		8FD7B27817E4D0C200C42776 /* TuristiandoTests.m */ = {isa = PBXFileReference; lastKnownFileType = sourcecode.c.objc; path = TuristiandoTests.m; sourceTree = "<group>"; };
		8FD7B28317E4D67000C42776 /* Turistiando.h */ = {isa = PBXFileReference; fileEncoding = 4; lastKnownFileType = sourcecode.c.h; path = Turistiando.h; sourceTree = "<group>"; };
		8FD7B28417E4D67000C42776 /* Turistiando.m */ = {isa = PBXFileReference; fileEncoding = 4; lastKnownFileType = sourcecode.c.objc; path = Turistiando.m; sourceTree = "<group>"; };
		8FD7B28617E4D84900C42776 /* Lugar.h */ = {isa = PBXFileReference; fileEncoding = 4; lastKnownFileType = sourcecode.c.h; path = Lugar.h; sourceTree = "<group>"; };
		8FD7B28717E4D84900C42776 /* Lugar.m */ = {isa = PBXFileReference; fileEncoding = 4; lastKnownFileType = sourcecode.c.objc; path = Lugar.m; sourceTree = "<group>"; };
		FA0B733517E8B9FC0004BF4B /* icono57.png */ = {isa = PBXFileReference; lastKnownFileType = image.png; name = icono57.png; path = ../icono57.png; sourceTree = "<group>"; };
		FA0B733F17E912640004BF4B /* ComunidadAvatar.png */ = {isa = PBXFileReference; lastKnownFileType = image.png; path = ComunidadAvatar.png; sourceTree = "<group>"; };
		FA0B734117E912AD0004BF4B /* donut.JPG */ = {isa = PBXFileReference; lastKnownFileType = image.jpeg; path = donut.JPG; sourceTree = "<group>"; };
		FA0B734317E913A20004BF4B /* ciudades.plist */ = {isa = PBXFileReference; fileEncoding = 4; lastKnownFileType = text.plist.xml; path = ciudades.plist; sourceTree = "<group>"; };
		FA197A9617E5856B0000813D /* CiudadOpcionViewController.h */ = {isa = PBXFileReference; fileEncoding = 4; lastKnownFileType = sourcecode.c.h; path = CiudadOpcionViewController.h; sourceTree = "<group>"; };
		FA197A9717E5856B0000813D /* CiudadOpcionViewController.m */ = {isa = PBXFileReference; fileEncoding = 4; lastKnownFileType = sourcecode.c.objc; path = CiudadOpcionViewController.m; sourceTree = "<group>"; };
		FA197A9917E5913F0000813D /* DiccionarioViewController.h */ = {isa = PBXFileReference; fileEncoding = 4; lastKnownFileType = sourcecode.c.h; path = DiccionarioViewController.h; sourceTree = "<group>"; };
		FA197A9A17E5913F0000813D /* DiccionarioViewController.m */ = {isa = PBXFileReference; fileEncoding = 4; lastKnownFileType = sourcecode.c.objc; path = DiccionarioViewController.m; sourceTree = "<group>"; };
		FA5D0A8517E59F4700577E21 /* VerElementoDViewController.h */ = {isa = PBXFileReference; fileEncoding = 4; lastKnownFileType = sourcecode.c.h; path = VerElementoDViewController.h; sourceTree = "<group>"; };
		FA5D0A8617E59F4700577E21 /* VerElementoDViewController.m */ = {isa = PBXFileReference; fileEncoding = 4; lastKnownFileType = sourcecode.c.objc; path = VerElementoDViewController.m; sourceTree = "<group>"; };
		FA5D0A8817E5A09100577E21 /* ComunidadViewController.h */ = {isa = PBXFileReference; fileEncoding = 4; lastKnownFileType = sourcecode.c.h; path = ComunidadViewController.h; sourceTree = "<group>"; };
		FA5D0A8917E5A09100577E21 /* ComunidadViewController.m */ = {isa = PBXFileReference; fileEncoding = 4; lastKnownFileType = sourcecode.c.objc; path = ComunidadViewController.m; sourceTree = "<group>"; };
		FA5D0A8B17E5A6EC00577E21 /* NoticiasViewController.h */ = {isa = PBXFileReference; fileEncoding = 4; lastKnownFileType = sourcecode.c.h; path = NoticiasViewController.h; sourceTree = "<group>"; };
		FA5D0A8C17E5A6EC00577E21 /* NoticiasViewController.m */ = {isa = PBXFileReference; fileEncoding = 4; lastKnownFileType = sourcecode.c.objc; path = NoticiasViewController.m; sourceTree = "<group>"; };
		FA8A956917EA7F23002B22FF /* CiudadCell.h */ = {isa = PBXFileReference; fileEncoding = 4; lastKnownFileType = sourcecode.c.h; path = CiudadCell.h; sourceTree = "<group>"; };
		FA8A956A17EA7F23002B22FF /* CiudadCell.m */ = {isa = PBXFileReference; fileEncoding = 4; lastKnownFileType = sourcecode.c.objc; path = CiudadCell.m; sourceTree = "<group>"; };
		FA94469317EA93D5006AFD27 /* AgregarCiudadViewController.h */ = {isa = PBXFileReference; fileEncoding = 4; lastKnownFileType = sourcecode.c.h; path = AgregarCiudadViewController.h; sourceTree = "<group>"; };
		FA94469417EA93D5006AFD27 /* AgregarCiudadViewController.m */ = {isa = PBXFileReference; fileEncoding = 4; lastKnownFileType = sourcecode.c.objc; path = AgregarCiudadViewController.m; sourceTree = "<group>"; };
		FA98DC6D17E4E8F1007DB23A /* SWRevealViewController.h */ = {isa = PBXFileReference; fileEncoding = 4; lastKnownFileType = sourcecode.c.h; path = SWRevealViewController.h; sourceTree = "<group>"; };
		FA98DC6E17E4E8F1007DB23A /* SWRevealViewController.m */ = {isa = PBXFileReference; fileEncoding = 4; lastKnownFileType = sourcecode.c.objc; path = SWRevealViewController.m; sourceTree = "<group>"; };
		FA98DC7017E4E9B8007DB23A /* IAPuzzleBoard.h */ = {isa = PBXFileReference; fileEncoding = 4; lastKnownFileType = sourcecode.c.h; path = IAPuzzleBoard.h; sourceTree = "<group>"; };
		FA98DC7117E4E9B8007DB23A /* IAPuzzleBoard.m */ = {isa = PBXFileReference; fileEncoding = 4; lastKnownFileType = sourcecode.c.objc; path = IAPuzzleBoard.m; sourceTree = "<group>"; };
		FA98DC7217E4E9B8007DB23A /* IAPuzzleBoardView.h */ = {isa = PBXFileReference; fileEncoding = 4; lastKnownFileType = sourcecode.c.h; path = IAPuzzleBoardView.h; sourceTree = "<group>"; };
		FA98DC7317E4E9B8007DB23A /* IAPuzzleBoardView.m */ = {isa = PBXFileReference; fileEncoding = 4; lastKnownFileType = sourcecode.c.objc; path = IAPuzzleBoardView.m; sourceTree = "<group>"; };
		FA98DC7617E4EBE0007DB23A /* TablaIndiceViewController.h */ = {isa = PBXFileReference; fileEncoding = 4; lastKnownFileType = sourcecode.c.h; path = TablaIndiceViewController.h; sourceTree = "<group>"; };
		FA98DC7717E4EBE0007DB23A /* TablaIndiceViewController.m */ = {isa = PBXFileReference; fileEncoding = 4; lastKnownFileType = sourcecode.c.objc; path = TablaIndiceViewController.m; sourceTree = "<group>"; };
		FAC7822117E633170006E578 /* IntroHijoViewController.h */ = {isa = PBXFileReference; fileEncoding = 4; lastKnownFileType = sourcecode.c.h; path = IntroHijoViewController.h; sourceTree = "<group>"; };
		FAC7822217E633170006E578 /* IntroHijoViewController.m */ = {isa = PBXFileReference; fileEncoding = 4; lastKnownFileType = sourcecode.c.objc; path = IntroHijoViewController.m; sourceTree = "<group>"; };
		FAC7822317E633170006E578 /* IntroHijoViewController.xib */ = {isa = PBXFileReference; fileEncoding = 4; lastKnownFileType = file.xib; path = IntroHijoViewController.xib; sourceTree = "<group>"; };
		FAC7822617E65A3C0006E578 /* IntroViewController.h */ = {isa = PBXFileReference; fileEncoding = 4; lastKnownFileType = sourcecode.c.h; path = IntroViewController.h; sourceTree = "<group>"; };
		FAC7822717E65A3C0006E578 /* IntroViewController.m */ = {isa = PBXFileReference; fileEncoding = 4; lastKnownFileType = sourcecode.c.objc; path = IntroViewController.m; sourceTree = "<group>"; };
		FAC7822917E6BD910006E578 /* datausuario.plist */ = {isa = PBXFileReference; fileEncoding = 4; lastKnownFileType = text.plist.xml; path = datausuario.plist; sourceTree = "<group>"; };
		FAC7822B17E6CF9C0006E578 /* UIImage+Resize.h */ = {isa = PBXFileReference; fileEncoding = 4; lastKnownFileType = sourcecode.c.h; path = "UIImage+Resize.h"; sourceTree = "<group>"; };
		FAC7822C17E6CF9D0006E578 /* UIImage+Resize.m */ = {isa = PBXFileReference; fileEncoding = 4; lastKnownFileType = sourcecode.c.objc; path = "UIImage+Resize.m"; sourceTree = "<group>"; };
/* End PBXFileReference section */

/* Begin PBXFrameworksBuildPhase section */
		8FD7B24117E4D0C200C42776 /* Frameworks */ = {
			isa = PBXFrameworksBuildPhase;
			buildActionMask = 2147483647;
			files = (
				8F4B551E17E760CF0014B891 /* CoreData.framework in Frameworks */,
				8FD7B24817E4D0C200C42776 /* UIKit.framework in Frameworks */,
				8FD7B24A17E4D0C200C42776 /* Foundation.framework in Frameworks */,
				8FD7B24C17E4D0C200C42776 /* CoreGraphics.framework in Frameworks */,
			);
			runOnlyForDeploymentPostprocessing = 0;
		};
		8FD7B26617E4D0C200C42776 /* Frameworks */ = {
			isa = PBXFrameworksBuildPhase;
			buildActionMask = 2147483647;
			files = (
				8FD7B26C17E4D0C200C42776 /* SenTestingKit.framework in Frameworks */,
				8FD7B26D17E4D0C200C42776 /* UIKit.framework in Frameworks */,
				8FD7B26E17E4D0C200C42776 /* Foundation.framework in Frameworks */,
			);
			runOnlyForDeploymentPostprocessing = 0;
		};
/* End PBXFrameworksBuildPhase section */

/* Begin PBXGroup section */
		8F4B550A17E75B650014B891 /* Persistence */ = {
			isa = PBXGroup;
			children = (
				8F4B551117E75C1C0014B891 /* NSActividad.h */,
				8F4B551217E75C1C0014B891 /* NSActividad.m */,
				8F4B552217E796DC0014B891 /* NSActividad+NSActividad_Sistema.h */,
				8F4B552317E796DC0014B891 /* NSActividad+NSActividad_Sistema.m */,
				8F4B551717E75C740014B891 /* NSDiccionario.h */,
				8F4B551817E75C740014B891 /* NSDiccionario.m */,
				8F4B552517E79C880014B891 /* NSDiccionario+NSDiccionario_Sistema.h */,
				8F4B552617E79C880014B891 /* NSDiccionario+NSDiccionario_Sistema.m */,
				8F4B551A17E75C830014B891 /* NSLugar.h */,
				8F4B551B17E75C830014B891 /* NSLugar.m */,
				8F4B552817E79CD80014B891 /* NSLugar+NSLugar_Sistema.h */,
				8F4B552917E79CD80014B891 /* NSLugar+NSLugar_Sistema.m */,
			);
			name = Persistence;
			sourceTree = "<group>";
		};
		8FD7B23B17E4D0C200C42776 = {
			isa = PBXGroup;
			children = (
				8FD7B24D17E4D0C200C42776 /* Turistiando */,
				8FD7B24617E4D0C200C42776 /* Frameworks */,
				8FD7B24517E4D0C200C42776 /* Products */,
			);
			sourceTree = "<group>";
		};
		8FD7B24517E4D0C200C42776 /* Products */ = {
			isa = PBXGroup;
			children = (
				8FD7B24417E4D0C200C42776 /* Turistiando.app */,
				8FD7B26A17E4D0C200C42776 /* TuristiandoTests.octest */,
			);
			name = Products;
			sourceTree = "<group>";
		};
		8FD7B24617E4D0C200C42776 /* Frameworks */ = {
			isa = PBXGroup;
			children = (
				8FD7B27117E4D0C200C42776 /* TuristiandoTests */,
				8F4B551D17E760CF0014B891 /* CoreData.framework */,
				8FD7B24717E4D0C200C42776 /* UIKit.framework */,
				8FD7B24917E4D0C200C42776 /* Foundation.framework */,
				8FD7B24B17E4D0C200C42776 /* CoreGraphics.framework */,
				8FD7B26B17E4D0C200C42776 /* SenTestingKit.framework */,
			);
			name = Frameworks;
			sourceTree = "<group>";
		};
		8FD7B24D17E4D0C200C42776 /* Turistiando */ = {
			isa = PBXGroup;
			children = (
				8F4B550A17E75B650014B891 /* Persistence */,
				FA98DC6B17E4E76F007DB23A /* Interfaz */,
				8FD7B28217E4D65000C42776 /* mundo */,
				8FD7B25617E4D0C200C42776 /* AppDelegate.h */,
				8FD7B25717E4D0C200C42776 /* AppDelegate.m */,
				8FD7B25F17E4D0C200C42776 /* MainStoryboard.storyboard */,
				8FD7B26217E4D0C200C42776 /* ViewController.h */,
				FAC7822917E6BD910006E578 /* datausuario.plist */,
				FA0B734317E913A20004BF4B /* ciudades.plist */,
				8FD7B26317E4D0C200C42776 /* ViewController.m */,
				8FD7B24E17E4D0C200C42776 /* Supporting Files */,
			);
			path = Turistiando;
			sourceTree = "<group>";
		};
		8FD7B24E17E4D0C200C42776 /* Supporting Files */ = {
			isa = PBXGroup;
			children = (
				FA98DC6C17E4E7EE007DB23A /* libreriasOpen */,
				8FD7B24F17E4D0C200C42776 /* Turistiando-Info.plist */,
				8FD7B25017E4D0C200C42776 /* InfoPlist.strings */,
				8F58098017E60E0100A66D40 /* ModelTuristiando.xcdatamodeld */,
				8FD7B25317E4D0C200C42776 /* main.m */,
				8FD7B25517E4D0C200C42776 /* Turistiando-Prefix.pch */,
				FA0B733517E8B9FC0004BF4B /* icono57.png */,
				FA0B734117E912AD0004BF4B /* donut.JPG */,
				8F6073A717EABB0700F8555C /* RompeMotolaDeslizable.png */,
				8F6073A917EABB4A00F8555C /* url.jpg */,
				8F6073A317EABAE700F8555C /* ciudadAvatar.jpg */,
				8F6073A517EABAF700F8555C /* Monserrate.jpg */,
				FA0B733F17E912640004BF4B /* ComunidadAvatar.png */,
				8FD7B25917E4D0C200C42776 /* Default.png */,
				8FD7B25B17E4D0C200C42776 /* Default@2x.png */,
				8FD7B25D17E4D0C200C42776 /* Default-568h@2x.png */,
			);
			name = "Supporting Files";
			sourceTree = "<group>";
		};
		8FD7B27117E4D0C200C42776 /* TuristiandoTests */ = {
			isa = PBXGroup;
			children = (
				8FD7B27717E4D0C200C42776 /* TuristiandoTests.h */,
				8FD7B27817E4D0C200C42776 /* TuristiandoTests.m */,
				8FD7B27217E4D0C200C42776 /* Supporting Files */,
			);
			path = TuristiandoTests;
			sourceTree = SOURCE_ROOT;
		};
		8FD7B27217E4D0C200C42776 /* Supporting Files */ = {
			isa = PBXGroup;
			children = (
				8FD7B27317E4D0C200C42776 /* TuristiandoTests-Info.plist */,
				8FD7B27417E4D0C200C42776 /* InfoPlist.strings */,
			);
			name = "Supporting Files";
			sourceTree = "<group>";
		};
		8FD7B28217E4D65000C42776 /* mundo */ = {
			isa = PBXGroup;
			children = (
				8FD7B28317E4D67000C42776 /* Turistiando.h */,
				8FD7B28417E4D67000C42776 /* Turistiando.m */,
				8FD7B28617E4D84900C42776 /* Lugar.h */,
				8FD7B28717E4D84900C42776 /* Lugar.m */,
				8F6B8AB817E4EA6B003D40DB /* Actividad.h */,
				8F6B8AB917E4EA6B003D40DB /* Actividad.m */,
				8F8BA10B17E65CD30087CA78 /* Diccionario.h */,
				8F8BA10C17E65CD30087CA78 /* Diccionario.m */,
			);
			name = mundo;
			sourceTree = "<group>";
		};
		FA98DC6B17E4E76F007DB23A /* Interfaz */ = {
			isa = PBXGroup;
			children = (
				FA98DC7617E4EBE0007DB23A /* TablaIndiceViewController.h */,
				FA98DC7717E4EBE0007DB23A /* TablaIndiceViewController.m */,
				FA197A9617E5856B0000813D /* CiudadOpcionViewController.h */,
				FA197A9717E5856B0000813D /* CiudadOpcionViewController.m */,
				FA197A9917E5913F0000813D /* DiccionarioViewController.h */,
				FA197A9A17E5913F0000813D /* DiccionarioViewController.m */,
				FA5D0A8517E59F4700577E21 /* VerElementoDViewController.h */,
				FA5D0A8617E59F4700577E21 /* VerElementoDViewController.m */,
				FA5D0A8817E5A09100577E21 /* ComunidadViewController.h */,
				FA5D0A8917E5A09100577E21 /* ComunidadViewController.m */,
				FA5D0A8B17E5A6EC00577E21 /* NoticiasViewController.h */,
				FA5D0A8C17E5A6EC00577E21 /* NoticiasViewController.m */,
				FAC7822117E633170006E578 /* IntroHijoViewController.h */,
				FAC7822217E633170006E578 /* IntroHijoViewController.m */,
				FAC7822317E633170006E578 /* IntroHijoViewController.xib */,
				FAC7822617E65A3C0006E578 /* IntroViewController.h */,
				FAC7822717E65A3C0006E578 /* IntroViewController.m */,
				FA94469317EA93D5006AFD27 /* AgregarCiudadViewController.h */,
				FA94469417EA93D5006AFD27 /* AgregarCiudadViewController.m */,
				FA8A956917EA7F23002B22FF /* CiudadCell.h */,
				FA8A956A17EA7F23002B22FF /* CiudadCell.m */,
			);
			name = Interfaz;
			sourceTree = "<group>";
		};
		FA98DC6C17E4E7EE007DB23A /* libreriasOpen */ = {
			isa = PBXGroup;
			children = (
				FA98DC7017E4E9B8007DB23A /* IAPuzzleBoard.h */,
				FA98DC7117E4E9B8007DB23A /* IAPuzzleBoard.m */,
				FAC7822B17E6CF9C0006E578 /* UIImage+Resize.h */,
				FAC7822C17E6CF9D0006E578 /* UIImage+Resize.m */,
				FA98DC7217E4E9B8007DB23A /* IAPuzzleBoardView.h */,
				FA98DC7317E4E9B8007DB23A /* IAPuzzleBoardView.m */,
				FA98DC6D17E4E8F1007DB23A /* SWRevealViewController.h */,
				FA98DC6E17E4E8F1007DB23A /* SWRevealViewController.m */,
			);
			name = libreriasOpen;
			sourceTree = "<group>";
		};
/* End PBXGroup section */

/* Begin PBXNativeTarget section */
		8FD7B24317E4D0C200C42776 /* Turistiando */ = {
			isa = PBXNativeTarget;
			buildConfigurationList = 8FD7B27C17E4D0C200C42776 /* Build configuration list for PBXNativeTarget "Turistiando" */;
			buildPhases = (
				8FD7B24017E4D0C200C42776 /* Sources */,
				8FD7B24117E4D0C200C42776 /* Frameworks */,
				8FD7B24217E4D0C200C42776 /* Resources */,
			);
			buildRules = (
			);
			dependencies = (
			);
			name = Turistiando;
			productName = Turistiando;
			productReference = 8FD7B24417E4D0C200C42776 /* Turistiando.app */;
			productType = "com.apple.product-type.application";
		};
		8FD7B26917E4D0C200C42776 /* TuristiandoTests */ = {
			isa = PBXNativeTarget;
			buildConfigurationList = 8FD7B27F17E4D0C200C42776 /* Build configuration list for PBXNativeTarget "TuristiandoTests" */;
			buildPhases = (
				8FD7B26517E4D0C200C42776 /* Sources */,
				8FD7B26617E4D0C200C42776 /* Frameworks */,
				8FD7B26717E4D0C200C42776 /* Resources */,
				8FD7B26817E4D0C200C42776 /* ShellScript */,
			);
			buildRules = (
			);
			dependencies = (
				8FD7B27017E4D0C200C42776 /* PBXTargetDependency */,
			);
			name = TuristiandoTests;
			productName = TuristiandoTests;
			productReference = 8FD7B26A17E4D0C200C42776 /* TuristiandoTests.octest */;
			productType = "com.apple.product-type.bundle";
		};
/* End PBXNativeTarget section */

/* Begin PBXProject section */
		8FD7B23C17E4D0C200C42776 /* Project object */ = {
			isa = PBXProject;
			attributes = {
				LastUpgradeCheck = 0460;
				ORGANIZATIONNAME = "Turistiando Colombia";
			};
			buildConfigurationList = 8FD7B23F17E4D0C200C42776 /* Build configuration list for PBXProject "Turistiando" */;
			compatibilityVersion = "Xcode 3.2";
			developmentRegion = English;
			hasScannedForEncodings = 0;
			knownRegions = (
				en,
			);
			mainGroup = 8FD7B23B17E4D0C200C42776;
			productRefGroup = 8FD7B24517E4D0C200C42776 /* Products */;
			projectDirPath = "";
			projectRoot = "";
			targets = (
				8FD7B24317E4D0C200C42776 /* Turistiando */,
				8FD7B26917E4D0C200C42776 /* TuristiandoTests */,
			);
		};
/* End PBXProject section */

/* Begin PBXResourcesBuildPhase section */
		8FD7B24217E4D0C200C42776 /* Resources */ = {
			isa = PBXResourcesBuildPhase;
			buildActionMask = 2147483647;
			files = (
				8FD7B25217E4D0C200C42776 /* InfoPlist.strings in Resources */,
				8FD7B25A17E4D0C200C42776 /* Default.png in Resources */,
				8FD7B25C17E4D0C200C42776 /* Default@2x.png in Resources */,
				8FD7B25E17E4D0C200C42776 /* Default-568h@2x.png in Resources */,
				8FD7B26117E4D0C200C42776 /* MainStoryboard.storyboard in Resources */,
				FAC7822517E633170006E578 /* IntroHijoViewController.xib in Resources */,
				FAC7822A17E6BD910006E578 /* datausuario.plist in Resources */,
				FA0B733617E8B9FC0004BF4B /* icono57.png in Resources */,
				FA0B734017E912640004BF4B /* ComunidadAvatar.png in Resources */,
				FA0B734217E912AD0004BF4B /* donut.JPG in Resources */,
				FA0B734417E913A20004BF4B /* ciudades.plist in Resources */,
				8F6073A417EABAE700F8555C /* ciudadAvatar.jpg in Resources */,
				8F6073A617EABAF700F8555C /* Monserrate.jpg in Resources */,
				8F6073A817EABB0700F8555C /* RompeMotolaDeslizable.png in Resources */,
				8F6073AA17EABB4A00F8555C /* url.jpg in Resources */,
			);
			runOnlyForDeploymentPostprocessing = 0;
		};
		8FD7B26717E4D0C200C42776 /* Resources */ = {
			isa = PBXResourcesBuildPhase;
			buildActionMask = 2147483647;
			files = (
				8FD7B27617E4D0C200C42776 /* InfoPlist.strings in Resources */,
			);
			runOnlyForDeploymentPostprocessing = 0;
		};
/* End PBXResourcesBuildPhase section */

/* Begin PBXShellScriptBuildPhase section */
		8FD7B26817E4D0C200C42776 /* ShellScript */ = {
			isa = PBXShellScriptBuildPhase;
			buildActionMask = 2147483647;
			files = (
			);
			inputPaths = (
			);
			outputPaths = (
			);
			runOnlyForDeploymentPostprocessing = 0;
			shellPath = /bin/sh;
			shellScript = "# Run the unit tests in this test bundle.\n\"${SYSTEM_DEVELOPER_DIR}/Tools/RunUnitTests\"\n";
		};
/* End PBXShellScriptBuildPhase section */

/* Begin PBXSourcesBuildPhase section */
		8FD7B24017E4D0C200C42776 /* Sources */ = {
			isa = PBXSourcesBuildPhase;
			buildActionMask = 2147483647;
			files = (
				FA0B734517E927270004BF4B /* Actividad.m in Sources */,
				FA0B733417E8B5AE0004BF4B /* IntroViewController.m in Sources */,
				FAC7822E17E6D0220006E578 /* UIImage+Resize.m in Sources */,
				FA5D0A8F17E5AA9E00577E21 /* IAPuzzleBoard.m in Sources */,
				FA5D0A8E17E5AA9800577E21 /* SWRevealViewController.m in Sources */,
				8FD7B25417E4D0C200C42776 /* main.m in Sources */,
				8FD7B25817E4D0C200C42776 /* AppDelegate.m in Sources */,
				8FD7B26417E4D0C200C42776 /* ViewController.m in Sources */,
				8FD7B28517E4D67000C42776 /* Turistiando.m in Sources */,
				8FD7B28817E4D84900C42776 /* Lugar.m in Sources */,
				FA98DC7817E4EBE0007DB23A /* TablaIndiceViewController.m in Sources */,
				FA197A9817E5856B0000813D /* CiudadOpcionViewController.m in Sources */,
				FA197A9B17E5913F0000813D /* DiccionarioViewController.m in Sources */,
				FA5D0A8717E59F4700577E21 /* VerElementoDViewController.m in Sources */,
				FA5D0A8A17E5A09100577E21 /* ComunidadViewController.m in Sources */,
				FA5D0A8D17E5A6EC00577E21 /* NoticiasViewController.m in Sources */,
				FAC7822417E633170006E578 /* IntroHijoViewController.m in Sources */,
				8F8BA10D17E65CD30087CA78 /* Diccionario.m in Sources */,
				8F4B551317E75C1C0014B891 /* NSActividad.m in Sources */,
				8F4B551917E75C740014B891 /* NSDiccionario.m in Sources */,
				8F4B551C17E75C830014B891 /* NSLugar.m in Sources */,
				8F4B552417E796DC0014B891 /* NSActividad+NSActividad_Sistema.m in Sources */,
				8F4B552717E79C880014B891 /* NSDiccionario+NSDiccionario_Sistema.m in Sources */,
				8F4B552A17E79CD90014B891 /* NSLugar+NSLugar_Sistema.m in Sources */,
				FA8A956B17EA7F23002B22FF /* CiudadCell.m in Sources */,
				FA94469517EA93D5006AFD27 /* AgregarCiudadViewController.m in Sources */,
			);
			runOnlyForDeploymentPostprocessing = 0;
		};
		8FD7B26517E4D0C200C42776 /* Sources */ = {
			isa = PBXSourcesBuildPhase;
			buildActionMask = 2147483647;
			files = (
				8FD7B27917E4D0C200C42776 /* TuristiandoTests.m in Sources */,
				FA98DC6F17E4E8F1007DB23A /* SWRevealViewController.m in Sources */,
				FA98DC7417E4E9B8007DB23A /* IAPuzzleBoard.m in Sources */,
				FA98DC7517E4E9B8007DB23A /* IAPuzzleBoardView.m in Sources */,
				FAC7822D17E6CF9D0006E578 /* UIImage+Resize.m in Sources */,
			);
			runOnlyForDeploymentPostprocessing = 0;
		};
/* End PBXSourcesBuildPhase section */

/* Begin PBXTargetDependency section */
		8FD7B27017E4D0C200C42776 /* PBXTargetDependency */ = {
			isa = PBXTargetDependency;
			target = 8FD7B24317E4D0C200C42776 /* Turistiando */;
			targetProxy = 8FD7B26F17E4D0C200C42776 /* PBXContainerItemProxy */;
		};
/* End PBXTargetDependency section */

/* Begin PBXVariantGroup section */
		8FD7B25017E4D0C200C42776 /* InfoPlist.strings */ = {
			isa = PBXVariantGroup;
			children = (
				8FD7B25117E4D0C200C42776 /* en */,
			);
			name = InfoPlist.strings;
			sourceTree = "<group>";
		};
		8FD7B25F17E4D0C200C42776 /* MainStoryboard.storyboard */ = {
			isa = PBXVariantGroup;
			children = (
				8FD7B26017E4D0C200C42776 /* en */,
			);
			name = MainStoryboard.storyboard;
			sourceTree = "<group>";
		};
		8FD7B27417E4D0C200C42776 /* InfoPlist.strings */ = {
			isa = PBXVariantGroup;
			children = (
				8FD7B27517E4D0C200C42776 /* en */,
			);
			name = InfoPlist.strings;
			sourceTree = "<group>";
		};
/* End PBXVariantGroup section */

/* Begin XCBuildConfiguration section */
		8FD7B27A17E4D0C200C42776 /* Debug */ = {
			isa = XCBuildConfiguration;
			buildSettings = {
				ALWAYS_SEARCH_USER_PATHS = NO;
				CLANG_CXX_LANGUAGE_STANDARD = "gnu++0x";
				CLANG_CXX_LIBRARY = "libc++";
				CLANG_ENABLE_OBJC_ARC = YES;
				CLANG_WARN_CONSTANT_CONVERSION = YES;
				CLANG_WARN_EMPTY_BODY = YES;
				CLANG_WARN_ENUM_CONVERSION = YES;
				CLANG_WARN_INT_CONVERSION = YES;
				CLANG_WARN__DUPLICATE_METHOD_MATCH = YES;
				"CODE_SIGN_IDENTITY[sdk=iphoneos*]" = "iPhone Developer";
				COPY_PHASE_STRIP = NO;
				GCC_C_LANGUAGE_STANDARD = gnu99;
				GCC_DYNAMIC_NO_PIC = NO;
				GCC_OPTIMIZATION_LEVEL = 0;
				GCC_PREPROCESSOR_DEFINITIONS = (
					"DEBUG=1",
					"$(inherited)",
				);
				GCC_SYMBOLS_PRIVATE_EXTERN = NO;
				GCC_WARN_ABOUT_RETURN_TYPE = YES;
				GCC_WARN_UNINITIALIZED_AUTOS = YES;
				GCC_WARN_UNUSED_VARIABLE = YES;
				IPHONEOS_DEPLOYMENT_TARGET = 6.1;
				ONLY_ACTIVE_ARCH = YES;
				SDKROOT = iphoneos;
			};
			name = Debug;
		};
		8FD7B27B17E4D0C200C42776 /* Release */ = {
			isa = XCBuildConfiguration;
			buildSettings = {
				ALWAYS_SEARCH_USER_PATHS = NO;
				CLANG_CXX_LANGUAGE_STANDARD = "gnu++0x";
				CLANG_CXX_LIBRARY = "libc++";
				CLANG_ENABLE_OBJC_ARC = YES;
				CLANG_WARN_CONSTANT_CONVERSION = YES;
				CLANG_WARN_EMPTY_BODY = YES;
				CLANG_WARN_ENUM_CONVERSION = YES;
				CLANG_WARN_INT_CONVERSION = YES;
				CLANG_WARN__DUPLICATE_METHOD_MATCH = YES;
				"CODE_SIGN_IDENTITY[sdk=iphoneos*]" = "iPhone Developer";
				COPY_PHASE_STRIP = YES;
				GCC_C_LANGUAGE_STANDARD = gnu99;
				GCC_WARN_ABOUT_RETURN_TYPE = YES;
				GCC_WARN_UNINITIALIZED_AUTOS = YES;
				GCC_WARN_UNUSED_VARIABLE = YES;
				IPHONEOS_DEPLOYMENT_TARGET = 6.1;
				OTHER_CFLAGS = "-DNS_BLOCK_ASSERTIONS=1";
				SDKROOT = iphoneos;
				VALIDATE_PRODUCT = YES;
			};
			name = Release;
		};
		8FD7B27D17E4D0C200C42776 /* Debug */ = {
			isa = XCBuildConfiguration;
			buildSettings = {
				GCC_PRECOMPILE_PREFIX_HEADER = YES;
				GCC_PREFIX_HEADER = "Turistiando/Turistiando-Prefix.pch";
				INFOPLIST_FILE = "Turistiando/Turistiando-Info.plist";
				PRODUCT_NAME = "$(TARGET_NAME)";
				WRAPPER_EXTENSION = app;
			};
			name = Debug;
		};
		8FD7B27E17E4D0C200C42776 /* Release */ = {
			isa = XCBuildConfiguration;
			buildSettings = {
				GCC_PRECOMPILE_PREFIX_HEADER = YES;
				GCC_PREFIX_HEADER = "Turistiando/Turistiando-Prefix.pch";
				INFOPLIST_FILE = "Turistiando/Turistiando-Info.plist";
				PRODUCT_NAME = "$(TARGET_NAME)";
				WRAPPER_EXTENSION = app;
			};
			name = Release;
		};
		8FD7B28017E4D0C200C42776 /* Debug */ = {
			isa = XCBuildConfiguration;
			buildSettings = {
				BUNDLE_LOADER = "$(BUILT_PRODUCTS_DIR)/Turistiando.app/Turistiando";
				FRAMEWORK_SEARCH_PATHS = (
					"\"$(SDKROOT)/Developer/Library/Frameworks\"",
					"\"$(DEVELOPER_LIBRARY_DIR)/Frameworks\"",
				);
				GCC_PRECOMPILE_PREFIX_HEADER = YES;
				GCC_PREFIX_HEADER = "Turistiando/Turistiando-Prefix.pch";
				INFOPLIST_FILE = "TuristiandoTests/TuristiandoTests-Info.plist";
				PRODUCT_NAME = "$(TARGET_NAME)";
				TEST_HOST = "$(BUNDLE_LOADER)";
				WRAPPER_EXTENSION = octest;
			};
			name = Debug;
		};
		8FD7B28117E4D0C200C42776 /* Release */ = {
			isa = XCBuildConfiguration;
			buildSettings = {
				BUNDLE_LOADER = "$(BUILT_PRODUCTS_DIR)/Turistiando.app/Turistiando";
				FRAMEWORK_SEARCH_PATHS = (
					"\"$(SDKROOT)/Developer/Library/Frameworks\"",
					"\"$(DEVELOPER_LIBRARY_DIR)/Frameworks\"",
				);
				GCC_PRECOMPILE_PREFIX_HEADER = YES;
				GCC_PREFIX_HEADER = "Turistiando/Turistiando-Prefix.pch";
				INFOPLIST_FILE = "TuristiandoTests/TuristiandoTests-Info.plist";
				PRODUCT_NAME = "$(TARGET_NAME)";
				TEST_HOST = "$(BUNDLE_LOADER)";
				WRAPPER_EXTENSION = octest;
			};
			name = Release;
		};
/* End XCBuildConfiguration section */

/* Begin XCConfigurationList section */
		8FD7B23F17E4D0C200C42776 /* Build configuration list for PBXProject "Turistiando" */ = {
			isa = XCConfigurationList;
			buildConfigurations = (
				8FD7B27A17E4D0C200C42776 /* Debug */,
				8FD7B27B17E4D0C200C42776 /* Release */,
			);
			defaultConfigurationIsVisible = 0;
			defaultConfigurationName = Release;
		};
		8FD7B27C17E4D0C200C42776 /* Build configuration list for PBXNativeTarget "Turistiando" */ = {
			isa = XCConfigurationList;
			buildConfigurations = (
				8FD7B27D17E4D0C200C42776 /* Debug */,
				8FD7B27E17E4D0C200C42776 /* Release */,
			);
			defaultConfigurationIsVisible = 0;
			defaultConfigurationName = Release;
		};
		8FD7B27F17E4D0C200C42776 /* Build configuration list for PBXNativeTarget "TuristiandoTests" */ = {
			isa = XCConfigurationList;
			buildConfigurations = (
				8FD7B28017E4D0C200C42776 /* Debug */,
				8FD7B28117E4D0C200C42776 /* Release */,
			);
			defaultConfigurationIsVisible = 0;
			defaultConfigurationName = Release;
		};
/* End XCConfigurationList section */

/* Begin XCVersionGroup section */
		8F58098017E60E0100A66D40 /* ModelTuristiando.xcdatamodeld */ = {
			isa = XCVersionGroup;
			children = (
				8F58098117E60E0100A66D40 /* ModelTuristiando.xcdatamodel */,
			);
			currentVersion = 8F58098117E60E0100A66D40 /* ModelTuristiando.xcdatamodel */;
			path = ModelTuristiando.xcdatamodeld;
			sourceTree = "<group>";
			versionGroupType = wrapper.xcdatamodel;
		};
/* End XCVersionGroup section */
	};
	rootObject = 8FD7B23C17E4D0C200C42776 /* Project object */;
}
